
Microsoft Visual Studio Solution File, Format Version 12.00
# Visual Studio Version 17
VisualStudioVersion = 17.11.35327.3
MinimumVisualStudioVersion = 10.0.40219.1
Project("{8BC9CEB8-8B4A-11D0-8D11-00A0C91BC942}") = "financial_management", "financial_management\financial_management.vcxproj", "{579DFCFC-7A49-46E7-A765-FC1AA8272BF9}"
EndProject
Global
	GlobalSection(SolutionConfigurationPlatforms) = preSolution
		Debug|x64 = Debug|x64
		Debug|x86 = Debug|x86
		Release|x64 = Release|x64
		Release|x86 = Release|x86
	EndGlobalSection
	GlobalSection(ProjectConfigurationPlatforms) = postSolution
		{579DFCFC-7A49-46E7-A765-FC1AA8272BF9}.Debug|x64.ActiveCfg = Debug|x64
		{579DFCFC-7A49-46E7-A765-FC1AA8272BF9}.Debug|x64.Build.0 = Debug|x64
		{579DFCFC-7A49-46E7-A765-FC1AA8272BF9}.Debug|x86.ActiveCfg = Debug|Win32
		{579DFCFC-7A49-46E7-A765-FC1AA8272BF9}.Debug|x86.Build.0 = Debug|Win32
		{579DFCFC-7A49-46E7-A765-FC1AA8272BF9}.Release|x64.ActiveCfg = Release|x64
		{579DFCFC-7A49-46E7-A765-FC1AA8272BF9}.Release|x64.Build.0 = Release|x64
		{579DFCFC-7A49-46E7-A765-FC1AA8272BF9}.Release|x86.ActiveCfg = Release|Win32
		{579DFCFC-7A49-46E7-A765-FC1AA8272BF9}.Release|x86.Build.0 = Release|Win32
	EndGlobalSection
	GlobalSection(SolutionProperties) = preSolution
		HideSolutionNode = FALSE
	EndGlobalSection
	GlobalSection(ExtensibilityGlobals) = postSolution
		SolutionGuid = {F016C013-C278-44D8-B7A5-71A76C409A6C}
	EndGlobalSection
EndGlobal
